# This file is autogenerated, do not edit; changes may be undone by the next 'dep ensure'.


[[projects]]
  branch = "master"
  name = "github.com/motemen/go-pocket"
  packages = [
    "api",
    "auth"
  ]
  revision = "ce6f8c2287ebf22d0ca8ed76988e2c17dd3473dd"

[[projects]]
  branch = "v3"
  name = "gopkg.in/alexcesaro/quotedprintable.v3"
  packages = ["."]
  revision = "2caba252f4dc53eaf6b553000885530023f54623"

[[projects]]
  name = "gopkg.in/gomail.v2"
  packages = ["."]
  revision = "41f3572897373c5538c50a2402db15db079fa4fd"
  version = "2.0.0"

[solve-meta]
  analyzer-name = "dep"
  analyzer-version = 1
  inputs-digest = "5aa46311a5b034662df0bb46f921c685054f7d1c2d721f1fb947b38c417af0c0"
  solver-name = "gps-cdcl"
  solver-version = 1
